
Microsoft Visual Studio Solution File, Format Version 12.00
# Visual Studio Version 16
VisualStudioVersion = 16.0.29806.167
MinimumVisualStudioVersion = 10.0.40219.1
Project("{FAE04EC0-301F-11D3-BF4B-00C04F79EFBC}") = "Question1", "Question1\Question1.csproj", "{1523E958-B281-48B3-98A9-DF60AD82C614}"
EndProject
Project("{FAE04EC0-301F-11D3-BF4B-00C04F79EFBC}") = "Question2", "Question2\Question2.csproj", "{5D73E90E-854C-41A1-8FA6-3B35CC4D2D39}"
EndProject
Project("{FAE04EC0-301F-11D3-BF4B-00C04F79EFBC}") = "BaseballClassLibrary", "BaseballClassLibrary\BaseballClassLibrary.csproj", "{7E55CC46-250A-4CCB-94F2-76E115C1E723}"
EndProject
Project("{FAE04EC0-301F-11D3-BF4B-00C04F79EFBC}") = "Question3", "Question3\Question3.csproj", "{6FE9B25F-3D25-4772-8DB1-1222736C9FED}"
EndProject
Project("{FAE04EC0-301F-11D3-BF4B-00C04F79EFBC}") = "BooksClassLibrary", "BooksClassLibrary\BooksClassLibrary.csproj", "{3DC7D03B-62CB-44C7-BE19-D0DD82479B97}"
EndProject
Global
	GlobalSection(SolutionConfigurationPlatforms) = preSolution
		Debug|Any CPU = Debug|Any CPU
		Release|Any CPU = Release|Any CPU
	EndGlobalSection
	GlobalSection(ProjectConfigurationPlatforms) = postSolution
		{1523E958-B281-48B3-98A9-DF60AD82C614}.Debug|Any CPU.ActiveCfg = Debug|Any CPU
		{1523E958-B281-48B3-98A9-DF60AD82C614}.Debug|Any CPU.Build.0 = Debug|Any CPU
		{1523E958-B281-48B3-98A9-DF60AD82C614}.Release|Any CPU.ActiveCfg = Release|Any CPU
		{1523E958-B281-48B3-98A9-DF60AD82C614}.Release|Any CPU.Build.0 = Release|Any CPU
		{5D73E90E-854C-41A1-8FA6-3B35CC4D2D39}.Debug|Any CPU.ActiveCfg = Debug|Any CPU
		{5D73E90E-854C-41A1-8FA6-3B35CC4D2D39}.Debug|Any CPU.Build.0 = Debug|Any CPU
		{5D73E90E-854C-41A1-8FA6-3B35CC4D2D39}.Release|Any CPU.ActiveCfg = Release|Any CPU
		{5D73E90E-854C-41A1-8FA6-3B35CC4D2D39}.Release|Any CPU.Build.0 = Release|Any CPU
		{7E55CC46-250A-4CCB-94F2-76E115C1E723}.Debug|Any CPU.ActiveCfg = Debug|Any CPU
		{7E55CC46-250A-4CCB-94F2-76E115C1E723}.Debug|Any CPU.Build.0 = Debug|Any CPU
		{7E55CC46-250A-4CCB-94F2-76E115C1E723}.Release|Any CPU.ActiveCfg = Release|Any CPU
		{7E55CC46-250A-4CCB-94F2-76E115C1E723}.Release|Any CPU.Build.0 = Release|Any CPU
		{6FE9B25F-3D25-4772-8DB1-1222736C9FED}.Debug|Any CPU.ActiveCfg = Debug|Any CPU
		{6FE9B25F-3D25-4772-8DB1-1222736C9FED}.Debug|Any CPU.Build.0 = Debug|Any CPU
		{6FE9B25F-3D25-4772-8DB1-1222736C9FED}.Release|Any CPU.ActiveCfg = Release|Any CPU
		{6FE9B25F-3D25-4772-8DB1-1222736C9FED}.Release|Any CPU.Build.0 = Release|Any CPU
		{3DC7D03B-62CB-44C7-BE19-D0DD82479B97}.Debug|Any CPU.ActiveCfg = Debug|Any CPU
		{3DC7D03B-62CB-44C7-BE19-D0DD82479B97}.Debug|Any CPU.Build.0 = Debug|Any CPU
		{3DC7D03B-62CB-44C7-BE19-D0DD82479B97}.Release|Any CPU.ActiveCfg = Release|Any CPU
		{3DC7D03B-62CB-44C7-BE19-D0DD82479B97}.Release|Any CPU.Build.0 = Release|Any CPU
	EndGlobalSection
	GlobalSection(SolutionProperties) = preSolution
		HideSolutionNode = FALSE
	EndGlobalSection
	GlobalSection(ExtensibilityGlobals) = postSolution
		SolutionGuid = {9F70BB90-FC6D-446B-AF28-D210743EE54D}
	EndGlobalSection
EndGlobal
